# THIS IS AN AUTOGENERATED FILE. DO NOT EDIT THIS FILE DIRECTLY.
# yarn lockfile v1


"@hotwired/stimulus@^3.1.0":
  version "3.1.0"
  resolved "https://registry.yarnpkg.com/@hotwired/stimulus/-/stimulus-3.1.0.tgz#20215251e5afe6e0a3787285181ba1bfc9097df0"
  integrity sha512-iDMHUhiEJ1xFeicyHcZQQgBzhtk5mPR0QZO3L6wtqzMsJEk2TKECuCQTGKjm+KJTHVY0dKq1dOOAWvODjpd2Mg==

core-js@^3.24.1:
  version "3.24.1"
  resolved "https://registry.yarnpkg.com/core-js/-/core-js-3.24.1.tgz#cf7724d41724154010a6576b7b57d94c5d66e64f"
  integrity sha512-0QTBSYSUZ6Gq21utGzkfITDylE8jWC9Ne1D2MrhvlsZBI1x39OdDIVbzSqtgMndIy6BlHxBXpMGqzZmnztg2rg==

hotkeys-js@>=3:
  version "3.9.5"
  resolved "https://registry.yarnpkg.com/hotkeys-js/-/hotkeys-js-3.9.5.tgz#8314d0522bf2601e36003213047e9dc7d56d19fe"
  integrity sha512-T0G8CUZ6Q1IOgPnLK1hDXR8DqgKF/VWEsHvZgi6CM7Ub9oOAzvWuJ3Qhc/9nFQaR26MfFOZSwULHrtCnsUX7zA==

stickythead@^1.0.4:
  version "1.0.4"
  resolved "https://registry.yarnpkg.com/stickythead/-/stickythead-1.0.4.tgz#b23f2b8ce7a476b60acd33f11b91db51e3291a33"
  integrity sha512-NuhJejW4huH4kSaScmL3jPh5xYo5VePYmySsPqqnsN/+7kZC9hSzUREpkIXPqEJCFMe4RXTzbYvSi5uoz1VonQ==

stimulus-use@^0.50.0:
  version "0.50.0"
  resolved "https://registry.yarnpkg.com/stimulus-use/-/stimulus-use-0.50.0.tgz#0bae92fbb1fd961cbb23569f9edd12ae642ce4a6"
  integrity sha512-9NScZQiOycQdzh8VZ15pxk6ep/a22fgha2halOvZFpJITC4nsTbWlO7D1hm+9LspFxa5b28tQhm3XkbH/qAlGw==
  dependencies:
    hotkeys-js ">=3"
